
Microsoft Visual Studio Solution File, Format Version 12.00
Project("{FAE04EC0-301F-11D3-BF4B-00C04F79EFBC}") = "Vk2Tg", "Vk2Tg/Vk2Tg.csproj", "{CD83DE91-F0FA-4AFB-A75F-C39B48DC8704}"
EndProject
Project("{FAE04EC0-301F-11D3-BF4B-00C04F79EFBC}") = "Vk2Tg.Tests", "Vk2Tg.Tests\Vk2Tg.Tests.csproj", "{61BC03BC-0B0E-4137-A4EB-03C9F5D31FE7}"
EndProject
Project("{2150E333-8FDC-42A3-9474-1A3956D46DE8}") = "Docker", "Docker", "{A30CA376-A694-44D7-A197-9310AA456638}"
	ProjectSection(SolutionItems) = preProject
		Dockerfile = Dockerfile
		.dockerignore = .dockerignore
		docker-compose.yml = docker-compose.yml
	EndProjectSection
EndProject
Global
	GlobalSection(SolutionConfigurationPlatforms) = preSolution
		Debug|Any CPU = Debug|Any CPU
		Release|Any CPU = Release|Any CPU
	EndGlobalSection
	GlobalSection(ProjectConfigurationPlatforms) = postSolution
		{CD83DE91-F0FA-4AFB-A75F-C39B48DC8704}.Debug|Any CPU.ActiveCfg = Debug|Any CPU
		{CD83DE91-F0FA-4AFB-A75F-C39B48DC8704}.Debug|Any CPU.Build.0 = Debug|Any CPU
		{CD83DE91-F0FA-4AFB-A75F-C39B48DC8704}.Release|Any CPU.ActiveCfg = Release|Any CPU
		{CD83DE91-F0FA-4AFB-A75F-C39B48DC8704}.Release|Any CPU.Build.0 = Release|Any CPU
		{61BC03BC-0B0E-4137-A4EB-03C9F5D31FE7}.Debug|Any CPU.ActiveCfg = Debug|Any CPU
		{61BC03BC-0B0E-4137-A4EB-03C9F5D31FE7}.Debug|Any CPU.Build.0 = Debug|Any CPU
		{61BC03BC-0B0E-4137-A4EB-03C9F5D31FE7}.Release|Any CPU.ActiveCfg = Release|Any CPU
		{61BC03BC-0B0E-4137-A4EB-03C9F5D31FE7}.Release|Any CPU.Build.0 = Release|Any CPU
	EndGlobalSection
EndGlobal
